// !$*UTF8*$!
{
	archiveVersion = 1;
	classes = {
	};
	objectVersion = 48;
	objects = {

/* Begin PBXBuildFile section */
		3FE0AE8D2022FC7C00DF5C36 /* AppDelegate.swift in Sources */ = {isa = PBXBuildFile; fileRef = 3FE0AE8C2022FC7C00DF5C36 /* AppDelegate.swift */; };
		3FE0AE8F2022FC7C00DF5C36 /* ViewController.swift in Sources */ = {isa = PBXBuildFile; fileRef = 3FE0AE8E2022FC7C00DF5C36 /* ViewController.swift */; };
		3FE0AE922022FC7C00DF5C36 /* Main.storyboard in Resources */ = {isa = PBXBuildFile; fileRef = 3FE0AE902022FC7C00DF5C36 /* Main.storyboard */; };
		3FE0AE952022FC7C00DF5C36 /* Project.xcdatamodeld in Sources */ = {isa = PBXBuildFile; fileRef = 3FE0AE932022FC7C00DF5C36 /* Project.xcdatamodeld */; };
		3FE0AE972022FC7C00DF5C36 /* Assets.xcassets in Resources */ = {isa = PBXBuildFile; fileRef = 3FE0AE962022FC7C00DF5C36 /* Assets.xcassets */; };
		3FE0AE9A2022FC7C00DF5C36 /* LaunchScreen.storyboard in Resources */ = {isa = PBXBuildFile; fileRef = 3FE0AE982022FC7C00DF5C36 /* LaunchScreen.storyboard */; };
		3FE0AEA52022FC7C00DF5C36 /* ProjectUITests.swift in Sources */ = {isa = PBXBuildFile; fileRef = 3FE0AEA42022FC7C00DF5C36 /* ProjectUITests.swift */; };
/* End PBXBuildFile section */

/* Begin PBXContainerItemProxy section */
		3FE0AEA12022FC7C00DF5C36 /* PBXContainerItemProxy */ = {
			isa = PBXContainerItemProxy;
			containerPortal = 3FE0AE812022FC7C00DF5C36 /* Project object */;
			proxyType = 1;
			remoteGlobalIDString = 3FE0AE882022FC7C00DF5C36;
			remoteInfo = Project;
		};
/* End PBXContainerItemProxy section */

/* Begin PBXFileReference section */
		3FE0AE892022FC7C00DF5C36 /* Project.app */ = {isa = PBXFileReference; explicitFileType = wrapper.application; includeInIndex = 0; path = Project.app; sourceTree = BUILT_PRODUCTS_DIR; };
		3FE0AE8C2022FC7C00DF5C36 /* AppDelegate.swift */ = {isa = PBXFileReference; lastKnownFileType = sourcecode.swift; path = AppDelegate.swift; sourceTree = "<group>"; };
		3FE0AE8E2022FC7C00DF5C36 /* ViewController.swift */ = {isa = PBXFileReference; lastKnownFileType = sourcecode.swift; path = ViewController.swift; sourceTree = "<group>"; };
		3FE0AE912022FC7C00DF5C36 /* Base */ = {isa = PBXFileReference; lastKnownFileType = file.storyboard; name = Base; path = Base.lproj/Main.storyboard; sourceTree = "<group>"; };
		3FE0AE942022FC7C00DF5C36 /* Project.xcdatamodel */ = {isa = PBXFileReference; lastKnownFileType = wrapper.xcdatamodel; path = Project.xcdatamodel; sourceTree = "<group>"; };
		3FE0AE962022FC7C00DF5C36 /* Assets.xcassets */ = {isa = PBXFileReference; lastKnownFileType = folder.assetcatalog; path = Assets.xcassets; sourceTree = "<group>"; };
		3FE0AE992022FC7C00DF5C36 /* Base */ = {isa = PBXFileReference; lastKnownFileType = file.storyboard; name = Base; path = Base.lproj/LaunchScreen.storyboard; sourceTree = "<group>"; };
		3FE0AE9B2022FC7C00DF5C36 /* Info.plist */ = {isa = PBXFileReference; lastKnownFileType = text.plist.xml; path = Info.plist; sourceTree = "<group>"; };
		3FE0AEA02022FC7C00DF5C36 /* ProjectUITests.xctest */ = {isa = PBXFileReference; explicitFileType = wrapper.cfbundle; includeInIndex = 0; path = ProjectUITests.xctest; sourceTree = BUILT_PRODUCTS_DIR; };
		3FE0AEA42022FC7C00DF5C36 /* ProjectUITests.swift */ = {isa = PBXFileReference; lastKnownFileType = sourcecode.swift; path = ProjectUITests.swift; sourceTree = "<group>"; };
		3FE0AEA62022FC7C00DF5C36 /* Info.plist */ = {isa = PBXFileReference; lastKnownFileType = text.plist.xml; path = Info.plist; sourceTree = "<group>"; };
/* End PBXFileReference section */

/* Begin PBXFrameworksBuildPhase section */
		3FE0AE862022FC7C00DF5C36 /* Frameworks */ = {
			isa = PBXFrameworksBuildPhase;
			buildActionMask = 2147483647;
			files = (
			);
			runOnlyForDeploymentPostprocessing = 0;
		};
		3FE0AE9D2022FC7C00DF5C36 /* Frameworks */ = {
			isa = PBXFrameworksBuildPhase;
			buildActionMask = 2147483647;
			files = (
			);
			runOnlyForDeploymentPostprocessing = 0;
		};
/* End PBXFrameworksBuildPhase section */

/* Begin PBXGroup section */
		3FE0AE802022FC7C00DF5C36 = {
			isa = PBXGroup;
			children = (
				3FE0AE8B2022FC7C00DF5C36 /* Project */,
				3FE0AEA32022FC7C00DF5C36 /* ProjectUITests */,
				3FE0AE8A2022FC7C00DF5C36 /* Products */,
			);
			sourceTree = "<group>";
		};
		3FE0AE8A2022FC7C00DF5C36 /* Products */ = {
			isa = PBXGroup;
			children = (
				3FE0AE892022FC7C00DF5C36 /* Project.app */,
				3FE0AEA02022FC7C00DF5C36 /* ProjectUITests.xctest */,
			);
			name = Products;
			sourceTree = "<group>";
		};
		3FE0AE8B2022FC7C00DF5C36 /* Project */ = {
			isa = PBXGroup;
			children = (
				3FE0AE8C2022FC7C00DF5C36 /* AppDelegate.swift */,
				3FE0AE8E2022FC7C00DF5C36 /* ViewController.swift */,
				3FE0AE902022FC7C00DF5C36 /* Main.storyboard */,
				3FE0AE962022FC7C00DF5C36 /* Assets.xcassets */,
				3FE0AE982022FC7C00DF5C36 /* LaunchScreen.storyboard */,
				3FE0AE9B2022FC7C00DF5C36 /* Info.plist */,
				3FE0AE932022FC7C00DF5C36 /* Project.xcdatamodeld */,
			);
			path = Project;
			sourceTree = "<group>";
		};
		3FE0AEA32022FC7C00DF5C36 /* ProjectUITests */ = {
			isa = PBXGroup;
			children = (
				3FE0AEA42022FC7C00DF5C36 /* ProjectUITests.swift */,
				3FE0AEA62022FC7C00DF5C36 /* Info.plist */,
			);
			path = ProjectUITests;
			sourceTree = "<group>";
		};
/* End PBXGroup section */

/* Begin PBXNativeTarget section */
		3FE0AE882022FC7C00DF5C36 /* Project */ = {
			isa = PBXNativeTarget;
			buildConfigurationList = 3FE0AEA92022FC7C00DF5C36 /* Build configuration list for PBXNativeTarget "Project" */;
			buildPhases = (
				3FE0AE852022FC7C00DF5C36 /* Sources */,
				3FE0AE862022FC7C00DF5C36 /* Frameworks */,
				3FE0AE872022FC7C00DF5C36 /* Resources */,
			);
			buildRules = (
			);
			dependencies = (
			);
			name = Project;
			productName = Project;
			productReference = 3FE0AE892022FC7C00DF5C36 /* Project.app */;
			productType = "com.apple.product-type.application";
		};
		3FE0AE9F2022FC7C00DF5C36 /* ProjectUITests */ = {
			isa = PBXNativeTarget;
			buildConfigurationList = 3FE0AEAC2022FC7C00DF5C36 /* Build configuration list for PBXNativeTarget "ProjectUITests" */;
			buildPhases = (
				3FE0AE9C2022FC7C00DF5C36 /* Sources */,
				3FE0AE9D2022FC7C00DF5C36 /* Frameworks */,
				3FE0AE9E2022FC7C00DF5C36 /* Resources */,
			);
			buildRules = (
			);
			dependencies = (
				3FE0AEA22022FC7C00DF5C36 /* PBXTargetDependency */,
			);
			name = ProjectUITests;
			productName = ProjectUITests;
			productReference = 3FE0AEA02022FC7C00DF5C36 /* ProjectUITests.xctest */;
			productType = "com.apple.product-type.bundle.ui-testing";
		};
/* End PBXNativeTarget section */

/* Begin PBXProject section */
		3FE0AE812022FC7C00DF5C36 /* Project object */ = {
			isa = PBXProject;
			attributes = {
				LastSwiftUpdateCheck = 0920;
				LastUpgradeCheck = 0920;
				ORGANIZATIONNAME = student;
				TargetAttributes = {
					3FE0AE882022FC7C00DF5C36 = {
						CreatedOnToolsVersion = 9.2;
						ProvisioningStyle = Automatic;
					};
					3FE0AE9F2022FC7C00DF5C36 = {
						CreatedOnToolsVersion = 9.2;
						ProvisioningStyle = Automatic;
						TestTargetID = 3FE0AE882022FC7C00DF5C36;
					};
				};
			};
			buildConfigurationList = 3FE0AE842022FC7C00DF5C36 /* Build configuration list for PBXProject "Project" */;
			compatibilityVersion = "Xcode 8.0";
			developmentRegion = en;
			hasScannedForEncodings = 0;
			knownRegions = (
				en,
				Base,
			);
			mainGroup = 3FE0AE802022FC7C00DF5C36;
			productRefGroup = 3FE0AE8A2022FC7C00DF5C36 /* Products */;
			projectDirPath = "";
			projectRoot = "";
			targets = (
				3FE0AE882022FC7C00DF5C36 /* Project */,
				3FE0AE9F2022FC7C00DF5C36 /* ProjectUITests */,
			);
		};
/* End PBXProject section */

/* Begin PBXResourcesBuildPhase section */
		3FE0AE872022FC7C00DF5C36 /* Resources */ = {
			isa = PBXResourcesBuildPhase;
			buildActionMask = 2147483647;
			files = (
				3FE0AE9A2022FC7C00DF5C36 /* LaunchScreen.storyboard in Resources */,
				3FE0AE972022FC7C00DF5C36 /* Assets.xcassets in Resources */,
				3FE0AE922022FC7C00DF5C36 /* Main.storyboard in Resources */,
			);
			runOnlyForDeploymentPostprocessing = 0;
		};
		3FE0AE9E2022FC7C00DF5C36 /* Resources */ = {
			isa = PBXResourcesBuildPhase;
			buildActionMask = 2147483647;
			files = (
			);
			runOnlyForDeploymentPostprocessing = 0;
		};
/* End PBXResourcesBuildPhase section */

/* Begin PBXSourcesBuildPhase section */
		3FE0AE852022FC7C00DF5C36 /* Sources */ = {
			isa = PBXSourcesBuildPhase;
			buildActionMask = 2147483647;
			files = (
				3FE0AE8F2022FC7C00DF5C36 /* ViewController.swift in Sources */,
				3FE0AE952022FC7C00DF5C36 /* Project.xcdatamodeld in Sources */,
				3FE0AE8D2022FC7C00DF5C36 /* AppDelegate.swift in Sources */,
			);
			runOnlyForDeploymentPostprocessing = 0;
		};
		3FE0AE9C2022FC7C00DF5C36 /* Sources */ = {
			isa = PBXSourcesBuildPhase;
			buildActionMask = 2147483647;
			files = (
				3FE0AEA52022FC7C00DF5C36 /* ProjectUITests.swift in Sources */,
			);
			runOnlyForDeploymentPostprocessing = 0;
		};
/* End PBXSourcesBuildPhase section */

/* Begin PBXTargetDependency section */
		3FE0AEA22022FC7C00DF5C36 /* PBXTargetDependency */ = {
			isa = PBXTargetDependency;
			target = 3FE0AE882022FC7C00DF5C36 /* Project */;
			targetProxy = 3FE0AEA12022FC7C00DF5C36 /* PBXContainerItemProxy */;
		};
/* End PBXTargetDependency section */

/* Begin PBXVariantGroup section */
		3FE0AE902022FC7C00DF5C36 /* Main.storyboard */ = {
			isa = PBXVariantGroup;
			children = (
				3FE0AE912022FC7C00DF5C36 /* Base */,
			);
			name = Main.storyboard;
			sourceTree = "<group>";
		};
		3FE0AE982022FC7C00DF5C36 /* LaunchScreen.storyboard */ = {
			isa = PBXVariantGroup;
			children = (
				3FE0AE992022FC7C00DF5C36 /* Base */,
			);
			name = LaunchScreen.storyboard;
			sourceTree = "<group>";
		};
/* End PBXVariantGroup section */

/* Begin XCBuildConfiguration section */
		3FE0AEA72022FC7C00DF5C36 /* Debug */ = {
			isa = XCBuildConfiguration;
			buildSettings = {
				ALWAYS_SEARCH_USER_PATHS = NO;
				CLANG_ANALYZER_NONNULL = YES;
				CLANG_ANALYZER_NUMBER_OBJECT_CONVERSION = YES_AGGRESSIVE;
				CLANG_CXX_LANGUAGE_STANDARD = "gnu++14";
				CLANG_CXX_LIBRARY = "libc++";
				CLANG_ENABLE_MODULES = YES;
				CLANG_ENABLE_OBJC_ARC = YES;
				CLANG_WARN_BLOCK_CAPTURE_AUTORELEASING = YES;
				CLANG_WARN_BOOL_CONVERSION = YES;
				CLANG_WARN_COMMA = YES;
				CLANG_WARN_CONSTANT_CONVERSION = YES;
				CLANG_WARN_DIRECT_OBJC_ISA_USAGE = YES_ERROR;
				CLANG_WARN_DOCUMENTATION_COMMENTS = YES;
				CLANG_WARN_EMPTY_BODY = YES;
				CLANG_WARN_ENUM_CONVERSION = YES;
				CLANG_WARN_INFINITE_RECURSION = YES;
				CLANG_WARN_INT_CONVERSION = YES;
				CLANG_WARN_NON_LITERAL_NULL_CONVERSION = YES;
				CLANG_WARN_OBJC_LITERAL_CONVERSION = YES;
				CLANG_WARN_OBJC_ROOT_CLASS = YES_ERROR;
				CLANG_WARN_RANGE_LOOP_ANALYSIS = YES;
				CLANG_WARN_STRICT_PROTOTYPES = YES;
				CLANG_WARN_SUSPICIOUS_MOVE = YES;
				CLANG_WARN_UNGUARDED_AVAILABILITY = YES_AGGRESSIVE;
				CLANG_WARN_UNREACHABLE_CODE = YES;
				CLANG_WARN__DUPLICATE_METHOD_MATCH = YES;
				CODE_SIGN_IDENTITY = "iPhone Developer";
				COPY_PHASE_STRIP = NO;
				DEBUG_INFORMATION_FORMAT = dwarf;
				ENABLE_STRICT_OBJC_MSGSEND = YES;
				ENABLE_TESTABILITY = YES;
				GCC_C_LANGUAGE_STANDARD = gnu11;
				GCC_DYNAMIC_NO_PIC = NO;
				GCC_NO_COMMON_BLOCKS = YES;
				GCC_OPTIMIZATION_LEVEL = 0;
				GCC_PREPROCESSOR_DEFINITIONS = (
					"DEBUG=1",
					"$(inherited)",
				);
				GCC_WARN_64_TO_32_BIT_CONVERSION = YES;
				GCC_WARN_ABOUT_RETURN_TYPE = YES_ERROR;
				GCC_WARN_UNDECLARED_SELECTOR = YES;
				GCC_WARN_UNINITIALIZED_AUTOS = YES_AGGRESSIVE;
				GCC_WARN_UNUSED_FUNCTION = YES;
				GCC_WARN_UNUSED_VARIABLE = YES;
				IPHONEOS_DEPLOYMENT_TARGET = 11.2;
				MTL_ENABLE_DEBUG_INFO = YES;
				ONLY_ACTIVE_ARCH = YES;
				SDKROOT = iphoneos;
				SWIFT_ACTIVE_COMPILATION_CONDITIONS = DEBUG;
				SWIFT_OPTIMIZATION_LEVEL = "-Onone";
			};
			name = Debug;
		};
		3FE0AEA82022FC7C00DF5C36 /* Release */ = {
			isa = XCBuildConfiguration;
			buildSettings = {
				ALWAYS_SEARCH_USER_PATHS = NO;
				CLANG_ANALYZER_NONNULL = YES;
				CLANG_ANALYZER_NUMBER_OBJECT_CONVERSION = YES_AGGRESSIVE;
				CLANG_CXX_LANGUAGE_STANDARD = "gnu++14";
				CLANG_CXX_LIBRARY = "libc++";
				CLANG_ENABLE_MODULES = YES;
				CLANG_ENABLE_OBJC_ARC = YES;
				CLANG_WARN_BLOCK_CAPTURE_AUTORELEASING = YES;
				CLANG_WARN_BOOL_CONVERSION = YES;
				CLANG_WARN_COMMA = YES;
				CLANG_WARN_CONSTANT_CONVERSION = YES;
				CLANG_WARN_DIRECT_OBJC_ISA_USAGE = YES_ERROR;
				CLANG_WARN_DOCUMENTATION_COMMENTS = YES;
				CLANG_WARN_EMPTY_BODY = YES;
				CLANG_WARN_ENUM_CONVERSION = YES;
				CLANG_WARN_INFINITE_RECURSION = YES;
				CLANG_WARN_INT_CONVERSION = YES;
				CLANG_WARN_NON_LITERAL_NULL_CONVERSION = YES;
				CLANG_WARN_OBJC_LITERAL_CONVERSION = YES;
				CLANG_WARN_OBJC_ROOT_CLASS = YES_ERROR;
				CLANG_WARN_RANGE_LOOP_ANALYSIS = YES;
				CLANG_WARN_STRICT_PROTOTYPES = YES;
				CLANG_WARN_SUSPICIOUS_MOVE = YES;
				CLANG_WARN_UNGUARDED_AVAILABILITY = YES_AGGRESSIVE;
				CLANG_WARN_UNREACHABLE_CODE = YES;
				CLANG_WARN__DUPLICATE_METHOD_MATCH = YES;
				CODE_SIGN_IDENTITY = "iPhone Developer";
				COPY_PHASE_STRIP = NO;
				DEBUG_INFORMATION_FORMAT = "dwarf-with-dsym";
				ENABLE_NS_ASSERTIONS = NO;
				ENABLE_STRICT_OBJC_MSGSEND = YES;
				GCC_C_LANGUAGE_STANDARD = gnu11;
				GCC_NO_COMMON_BLOCKS = YES;
				GCC_WARN_64_TO_32_BIT_CONVERSION = YES;
				GCC_WARN_ABOUT_RETURN_TYPE = YES_ERROR;
				GCC_WARN_UNDECLARED_SELECTOR = YES;
				GCC_WARN_UNINITIALIZED_AUTOS = YES_AGGRESSIVE;
				GCC_WARN_UNUSED_FUNCTION = YES;
				GCC_WARN_UNUSED_VARIABLE = YES;
				IPHONEOS_DEPLOYMENT_TARGET = 11.2;
				MTL_ENABLE_DEBUG_INFO = NO;
				SDKROOT = iphoneos;
				SWIFT_OPTIMIZATION_LEVEL = "-Owholemodule";
				VALIDATE_PRODUCT = YES;
			};
			name = Release;
		};
		3FE0AEAA2022FC7C00DF5C36 /* Debug */ = {
			isa = XCBuildConfiguration;
			buildSettings = {
				ASSETCATALOG_COMPILER_APPICON_NAME = AppIcon;
				CODE_SIGN_STYLE = Automatic;
				INFOPLIST_FILE = Project/Info.plist;
				LD_RUNPATH_SEARCH_PATHS = "$(inherited) @executable_path/Frameworks";
				PRODUCT_BUNDLE_IDENTIFIER = com.zencher.student.Project;
				PRODUCT_NAME = "$(TARGET_NAME)";
				SWIFT_VERSION = 4.0;
				TARGETED_DEVICE_FAMILY = "1,2";
			};
			name = Debug;
		};
		3FE0AEAB2022FC7C00DF5C36 /* Release */ = {
			isa = XCBuildConfiguration;
			buildSettings = {
				ASSETCATALOG_COMPILER_APPICON_NAME = AppIcon;
				CODE_SIGN_STYLE = Automatic;
				INFOPLIST_FILE = Project/Info.plist;
				LD_RUNPATH_SEARCH_PATHS = "$(inherited) @executable_path/Frameworks";
				PRODUCT_BUNDLE_IDENTIFIER = com.zencher.student.Project;
				PRODUCT_NAME = "$(TARGET_NAME)";
				SWIFT_VERSION = 4.0;
				TARGETED_DEVICE_FAMILY = "1,2";
			};
			name = Release;
		};
		3FE0AEAD2022FC7C00DF5C36 /* Debug */ = {
			isa = XCBuildConfiguration;
			buildSettings = {
				ALWAYS_EMBED_SWIFT_STANDARD_LIBRARIES = YES;
				CODE_SIGN_STYLE = Automatic;
				INFOPLIST_FILE = ProjectUITests/Info.plist;
				LD_RUNPATH_SEARCH_PATHS = "$(inherited) @executable_path/Frameworks @loader_path/Frameworks";
				PRODUCT_BUNDLE_IDENTIFIER = com.zencher.student.ProjectUITests;
				PRODUCT_NAME = "$(TARGET_NAME)";
				SWIFT_VERSION = 4.0;
				TARGETED_DEVICE_FAMILY = "1,2";
				TEST_TARGET_NAME = Project;
			};
			name = Debug;
		};
		3FE0AEAE2022FC7C00DF5C36 /* Release */ = {
			isa = XCBuildConfiguration;
			buildSettings = {
				ALWAYS_EMBED_SWIFT_STANDARD_LIBRARIES = YES;
				CODE_SIGN_STYLE = Automatic;
				INFOPLIST_FILE = ProjectUITests/Info.plist;
				LD_RUNPATH_SEARCH_PATHS = "$(inherited) @executable_path/Frameworks @loader_path/Frameworks";
				PRODUCT_BUNDLE_IDENTIFIER = com.zencher.student.ProjectUITests;
				PRODUCT_NAME = "$(TARGET_NAME)";
				SWIFT_VERSION = 4.0;
				TARGETED_DEVICE_FAMILY = "1,2";
				TEST_TARGET_NAME = Project;
			};
			name = Release;
		};
/* End XCBuildConfiguration section */

/* Begin XCConfigurationList section */
		3FE0AE842022FC7C00DF5C36 /* Build configuration list for PBXProject "Project" */ = {
			isa = XCConfigurationList;
			buildConfigurations = (
				3FE0AEA72022FC7C00DF5C36 /* Debug */,
				3FE0AEA82022FC7C00DF5C36 /* Release */,
			);
			defaultConfigurationIsVisible = 0;
			defaultConfigurationName = Release;
		};
		3FE0AEA92022FC7C00DF5C36 /* Build configuration list for PBXNativeTarget "Project" */ = {
			isa = XCConfigurationList;
			buildConfigurations = (
				3FE0AEAA2022FC7C00DF5C36 /* Debug */,
				3FE0AEAB2022FC7C00DF5C36 /* Release */,
			);
			defaultConfigurationIsVisible = 0;
			defaultConfigurationName = Release;
		};
		3FE0AEAC2022FC7C00DF5C36 /* Build configuration list for PBXNativeTarget "ProjectUITests" */ = {
			isa = XCConfigurationList;
			buildConfigurations = (
				3FE0AEAD2022FC7C00DF5C36 /* Debug */,
				3FE0AEAE2022FC7C00DF5C36 /* Release */,
			);
			defaultConfigurationIsVisible = 0;
			defaultConfigurationName = Release;
		};
/* End XCConfigurationList section */

/* Begin XCVersionGroup section */
		3FE0AE932022FC7C00DF5C36 /* Project.xcdatamodeld */ = {
			isa = XCVersionGroup;
			children = (
				3FE0AE942022FC7C00DF5C36 /* Project.xcdatamodel */,
			);
			currentVersion = 3FE0AE942022FC7C00DF5C36 /* Project.xcdatamodel */;
			path = Project.xcdatamodeld;
			sourceTree = "<group>";
			versionGroupType = wrapper.xcdatamodel;
		};
/* End XCVersionGroup section */
	};
	rootObject = 3FE0AE812022FC7C00DF5C36 /* Project object */;
}
